
Microsoft Visual Studio Solution File, Format Version 12.00
# Visual Studio Version 17
VisualStudioVersion = 17.10.35027.167
MinimumVisualStudioVersion = 10.0.40219.1
Project("{8BC9CEB8-8B4A-11D0-8D11-00A0C91BC942}") = "Kandji++", "Kandji++\Kandji++.vcxproj", "{A7054E1E-783F-4E3D-8D79-B8141A69FEA2}"
EndProject
Global
	GlobalSection(SolutionConfigurationPlatforms) = preSolution
		Debug|x64 = Debug|x64
		Debug|x86 = Debug|x86
		Release|x64 = Release|x64
		Release|x86 = Release|x86
	EndGlobalSection
	GlobalSection(ProjectConfigurationPlatforms) = postSolution
		{A7054E1E-783F-4E3D-8D79-B8141A69FEA2}.Debug|x64.ActiveCfg = Debug|x64
		{A7054E1E-783F-4E3D-8D79-B8141A69FEA2}.Debug|x64.Build.0 = Debug|x64
		{A7054E1E-783F-4E3D-8D79-B8141A69FEA2}.Debug|x86.ActiveCfg = Debug|Win32
		{A7054E1E-783F-4E3D-8D79-B8141A69FEA2}.Debug|x86.Build.0 = Debug|Win32
		{A7054E1E-783F-4E3D-8D79-B8141A69FEA2}.Release|x64.ActiveCfg = Release|x64
		{A7054E1E-783F-4E3D-8D79-B8141A69FEA2}.Release|x64.Build.0 = Release|x64
		{A7054E1E-783F-4E3D-8D79-B8141A69FEA2}.Release|x86.ActiveCfg = Release|Win32
		{A7054E1E-783F-4E3D-8D79-B8141A69FEA2}.Release|x86.Build.0 = Release|Win32
	EndGlobalSection
	GlobalSection(SolutionProperties) = preSolution
		HideSolutionNode = FALSE
	EndGlobalSection
	GlobalSection(ExtensibilityGlobals) = postSolution
		SolutionGuid = {3987BA90-B533-4D08-B571-653E3F189FD1}
	EndGlobalSection
EndGlobal
